github.com/google/uuid v1.6.0 h1:NIvaJdm5MnHJVyhyJr+tSNCLLVmiTa1u6Hu7PxlS8/s=
github.com/google/uuid v1.6.0/go.mod h1:TIyPZe4MgqvfeYDBFedMoGGpEw/LqOeaOT+nhxU+yHo=
github.com/joho/godotenv v1.5.1 h1:7eLLhKXU5yvZxCmHuSeyI0lvNKV2ExRbR5tUEEwkcmc=
github.com/joho/godotenv v1.5.1/go.mod h1:f4LDr5Voq0i2e/R5DDNOoa2zzDfwtkZa6DnEwAbqwq4=
